// !$*UTF8*$!
{
	archiveVersion = 1;
	classes = {
	};
	objectVersion = 46;
	objects = {

/* Begin PBXBuildFile section */
		8CB17F181A5F11E900FD34CB /* AppDelegate.swift in Sources */ = {isa = PBXBuildFile; fileRef = 8CB17F171A5F11E900FD34CB /* AppDelegate.swift */; };
		8CB17F1A1A5F11E900FD34CB /* ViewController.swift in Sources */ = {isa = PBXBuildFile; fileRef = 8CB17F191A5F11E900FD34CB /* ViewController.swift */; };
		8CB17F1D1A5F11E900FD34CB /* Main.storyboard in Resources */ = {isa = PBXBuildFile; fileRef = 8CB17F1B1A5F11E900FD34CB /* Main.storyboard */; };
		8CB17F1F1A5F11E900FD34CB /* Images.xcassets in Resources */ = {isa = PBXBuildFile; fileRef = 8CB17F1E1A5F11E900FD34CB /* Images.xcassets */; };
		8CB17F221A5F11E900FD34CB /* LaunchScreen.xib in Resources */ = {isa = PBXBuildFile; fileRef = 8CB17F201A5F11E900FD34CB /* LaunchScreen.xib */; };
		8CB17F2E1A5F11E900FD34CB /* sensortag_spikeTests.swift in Sources */ = {isa = PBXBuildFile; fileRef = 8CB17F2D1A5F11E900FD34CB /* sensortag_spikeTests.swift */; };
		8CB17F381A5F181400FD34CB /* SceneKit.framework in Frameworks */ = {isa = PBXBuildFile; fileRef = 8CB17F371A5F181400FD34CB /* SceneKit.framework */; };
		8CCAA1F61A5F45A500145A71 /* iggy4.dae in Resources */ = {isa = PBXBuildFile; fileRef = 8CCAA1F51A5F45A500145A71 /* iggy4.dae */; };
/* End PBXBuildFile section */

/* Begin PBXContainerItemProxy section */
		8CB17F281A5F11E900FD34CB /* PBXContainerItemProxy */ = {
			isa = PBXContainerItemProxy;
			containerPortal = 8CB17F0A1A5F11E900FD34CB /* Project object */;
			proxyType = 1;
			remoteGlobalIDString = 8CB17F111A5F11E900FD34CB;
			remoteInfo = sensortag_spike;
		};
/* End PBXContainerItemProxy section */

/* Begin PBXFileReference section */
		8CB17F121A5F11E900FD34CB /* sensortag_spike.app */ = {isa = PBXFileReference; explicitFileType = wrapper.application; includeInIndex = 0; path = sensortag_spike.app; sourceTree = BUILT_PRODUCTS_DIR; };
		8CB17F161A5F11E900FD34CB /* Info.plist */ = {isa = PBXFileReference; lastKnownFileType = text.plist.xml; path = Info.plist; sourceTree = "<group>"; };
		8CB17F171A5F11E900FD34CB /* AppDelegate.swift */ = {isa = PBXFileReference; lastKnownFileType = sourcecode.swift; path = AppDelegate.swift; sourceTree = "<group>"; };
		8CB17F191A5F11E900FD34CB /* ViewController.swift */ = {isa = PBXFileReference; lastKnownFileType = sourcecode.swift; path = ViewController.swift; sourceTree = "<group>"; };
		8CB17F1C1A5F11E900FD34CB /* Base */ = {isa = PBXFileReference; lastKnownFileType = file.storyboard; name = Base; path = Base.lproj/Main.storyboard; sourceTree = "<group>"; };
		8CB17F1E1A5F11E900FD34CB /* Images.xcassets */ = {isa = PBXFileReference; lastKnownFileType = folder.assetcatalog; path = Images.xcassets; sourceTree = "<group>"; };
		8CB17F211A5F11E900FD34CB /* Base */ = {isa = PBXFileReference; lastKnownFileType = file.xib; name = Base; path = Base.lproj/LaunchScreen.xib; sourceTree = "<group>"; };
		8CB17F271A5F11E900FD34CB /* sensortag_spikeTests.xctest */ = {isa = PBXFileReference; explicitFileType = wrapper.cfbundle; includeInIndex = 0; path = sensortag_spikeTests.xctest; sourceTree = BUILT_PRODUCTS_DIR; };
		8CB17F2C1A5F11E900FD34CB /* Info.plist */ = {isa = PBXFileReference; lastKnownFileType = text.plist.xml; path = Info.plist; sourceTree = "<group>"; };
		8CB17F2D1A5F11E900FD34CB /* sensortag_spikeTests.swift */ = {isa = PBXFileReference; lastKnownFileType = sourcecode.swift; path = sensortag_spikeTests.swift; sourceTree = "<group>"; };
		8CB17F371A5F181400FD34CB /* SceneKit.framework */ = {isa = PBXFileReference; lastKnownFileType = wrapper.framework; name = SceneKit.framework; path = System/Library/Frameworks/SceneKit.framework; sourceTree = SDKROOT; };
		8CCAA1F51A5F45A500145A71 /* iggy4.dae */ = {isa = PBXFileReference; fileEncoding = 4; lastKnownFileType = text.xml.dae; path = iggy4.dae; sourceTree = "<group>"; };
/* End PBXFileReference section */

/* Begin PBXFrameworksBuildPhase section */
		8CB17F0F1A5F11E900FD34CB /* Frameworks */ = {
			isa = PBXFrameworksBuildPhase;
			buildActionMask = 2147483647;
			files = (
				8CB17F381A5F181400FD34CB /* SceneKit.framework in Frameworks */,
			);
			runOnlyForDeploymentPostprocessing = 0;
		};
		8CB17F241A5F11E900FD34CB /* Frameworks */ = {
			isa = PBXFrameworksBuildPhase;
			buildActionMask = 2147483647;
			files = (
			);
			runOnlyForDeploymentPostprocessing = 0;
		};
/* End PBXFrameworksBuildPhase section */

/* Begin PBXGroup section */
		8CB17F091A5F11E900FD34CB = {
			isa = PBXGroup;
			children = (
				8CCAA1F51A5F45A500145A71 /* iggy4.dae */,
				8CB17F371A5F181400FD34CB /* SceneKit.framework */,
				8CB17F141A5F11E900FD34CB /* sensortag_spike */,
				8CB17F2A1A5F11E900FD34CB /* sensortag_spikeTests */,
				8CB17F131A5F11E900FD34CB /* Products */,
			);
			sourceTree = "<group>";
		};
		8CB17F131A5F11E900FD34CB /* Products */ = {
			isa = PBXGroup;
			children = (
				8CB17F121A5F11E900FD34CB /* sensortag_spike.app */,
				8CB17F271A5F11E900FD34CB /* sensortag_spikeTests.xctest */,
			);
			name = Products;
			sourceTree = "<group>";
		};
		8CB17F141A5F11E900FD34CB /* sensortag_spike */ = {
			isa = PBXGroup;
			children = (
				8CB17F171A5F11E900FD34CB /* AppDelegate.swift */,
				8CB17F191A5F11E900FD34CB /* ViewController.swift */,
				8CB17F1B1A5F11E900FD34CB /* Main.storyboard */,
				8CB17F1E1A5F11E900FD34CB /* Images.xcassets */,
				8CB17F201A5F11E900FD34CB /* LaunchScreen.xib */,
				8CB17F151A5F11E900FD34CB /* Supporting Files */,
			);
			path = sensortag_spike;
			sourceTree = "<group>";
		};
		8CB17F151A5F11E900FD34CB /* Supporting Files */ = {
			isa = PBXGroup;
			children = (
				8CB17F161A5F11E900FD34CB /* Info.plist */,
			);
			name = "Supporting Files";
			sourceTree = "<group>";
		};
		8CB17F2A1A5F11E900FD34CB /* sensortag_spikeTests */ = {
			isa = PBXGroup;
			children = (
				8CB17F2D1A5F11E900FD34CB /* sensortag_spikeTests.swift */,
				8CB17F2B1A5F11E900FD34CB /* Supporting Files */,
			);
			path = sensortag_spikeTests;
			sourceTree = "<group>";
		};
		8CB17F2B1A5F11E900FD34CB /* Supporting Files */ = {
			isa = PBXGroup;
			children = (
				8CB17F2C1A5F11E900FD34CB /* Info.plist */,
			);
			name = "Supporting Files";
			sourceTree = "<group>";
		};
/* End PBXGroup section */

/* Begin PBXNativeTarget section */
		8CB17F111A5F11E900FD34CB /* sensortag_spike */ = {
			isa = PBXNativeTarget;
			buildConfigurationList = 8CB17F311A5F11E900FD34CB /* Build configuration list for PBXNativeTarget "sensortag_spike" */;
			buildPhases = (
				8CB17F0E1A5F11E900FD34CB /* Sources */,
				8CB17F0F1A5F11E900FD34CB /* Frameworks */,
				8CB17F101A5F11E900FD34CB /* Resources */,
			);
			buildRules = (
			);
			dependencies = (
			);
			name = sensortag_spike;
			productName = sensortag_spike;
			productReference = 8CB17F121A5F11E900FD34CB /* sensortag_spike.app */;
			productType = "com.apple.product-type.application";
		};
		8CB17F261A5F11E900FD34CB /* sensortag_spikeTests */ = {
			isa = PBXNativeTarget;
			buildConfigurationList = 8CB17F341A5F11E900FD34CB /* Build configuration list for PBXNativeTarget "sensortag_spikeTests" */;
			buildPhases = (
				8CB17F231A5F11E900FD34CB /* Sources */,
				8CB17F241A5F11E900FD34CB /* Frameworks */,
				8CB17F251A5F11E900FD34CB /* Resources */,
			);
			buildRules = (
			);
			dependencies = (
				8CB17F291A5F11E900FD34CB /* PBXTargetDependency */,
			);
			name = sensortag_spikeTests;
			productName = sensortag_spikeTests;
			productReference = 8CB17F271A5F11E900FD34CB /* sensortag_spikeTests.xctest */;
			productType = "com.apple.product-type.bundle.unit-test";
		};
/* End PBXNativeTarget section */

/* Begin PBXProject section */
		8CB17F0A1A5F11E900FD34CB /* Project object */ = {
			isa = PBXProject;
			attributes = {
				LastUpgradeCheck = 0610;
				ORGANIZATIONNAME = "Gary Johnson";
				TargetAttributes = {
					8CB17F111A5F11E900FD34CB = {
						CreatedOnToolsVersion = 6.1.1;
						DevelopmentTeam = 5D9WAKM8D6;
					};
					8CB17F261A5F11E900FD34CB = {
						CreatedOnToolsVersion = 6.1.1;
						TestTargetID = 8CB17F111A5F11E900FD34CB;
					};
				};
			};
			buildConfigurationList = 8CB17F0D1A5F11E900FD34CB /* Build configuration list for PBXProject "sensortag_spike" */;
			compatibilityVersion = "Xcode 3.2";
			developmentRegion = English;
			hasScannedForEncodings = 0;
			knownRegions = (
				en,
				Base,
			);
			mainGroup = 8CB17F091A5F11E900FD34CB;
			productRefGroup = 8CB17F131A5F11E900FD34CB /* Products */;
			projectDirPath = "";
			projectRoot = "";
			targets = (
				8CB17F111A5F11E900FD34CB /* sensortag_spike */,
				8CB17F261A5F11E900FD34CB /* sensortag_spikeTests */,
			);
		};
/* End PBXProject section */

/* Begin PBXResourcesBuildPhase section */
		8CB17F101A5F11E900FD34CB /* Resources */ = {
			isa = PBXResourcesBuildPhase;
			buildActionMask = 2147483647;
			files = (
				8CB17F1D1A5F11E900FD34CB /* Main.storyboard in Resources */,
				8CB17F221A5F11E900FD34CB /* LaunchScreen.xib in Resources */,
				8CB17F1F1A5F11E900FD34CB /* Images.xcassets in Resources */,
				8CCAA1F61A5F45A500145A71 /* iggy4.dae in Resources */,
			);
			runOnlyForDeploymentPostprocessing = 0;
		};
		8CB17F251A5F11E900FD34CB /* Resources */ = {
			isa = PBXResourcesBuildPhase;
			buildActionMask = 2147483647;
			files = (
			);
			runOnlyForDeploymentPostprocessing = 0;
		};
/* End PBXResourcesBuildPhase section */

/* Begin PBXSourcesBuildPhase section */
		8CB17F0E1A5F11E900FD34CB /* Sources */ = {
			isa = PBXSourcesBuildPhase;
			buildActionMask = 2147483647;
			files = (
				8CB17F1A1A5F11E900FD34CB /* ViewController.swift in Sources */,
				8CB17F181A5F11E900FD34CB /* AppDelegate.swift in Sources */,
			);
			runOnlyForDeploymentPostprocessing = 0;
		};
		8CB17F231A5F11E900FD34CB /* Sources */ = {
			isa = PBXSourcesBuildPhase;
			buildActionMask = 2147483647;
			files = (
				8CB17F2E1A5F11E900FD34CB /* sensortag_spikeTests.swift in Sources */,
			);
			runOnlyForDeploymentPostprocessing = 0;
		};
/* End PBXSourcesBuildPhase section */

/* Begin PBXTargetDependency section */
		8CB17F291A5F11E900FD34CB /* PBXTargetDependency */ = {
			isa = PBXTargetDependency;
			target = 8CB17F111A5F11E900FD34CB /* sensortag_spike */;
			targetProxy = 8CB17F281A5F11E900FD34CB /* PBXContainerItemProxy */;
		};
/* End PBXTargetDependency section */

/* Begin PBXVariantGroup section */
		8CB17F1B1A5F11E900FD34CB /* Main.storyboard */ = {
			isa = PBXVariantGroup;
			children = (
				8CB17F1C1A5F11E900FD34CB /* Base */,
			);
			name = Main.storyboard;
			sourceTree = "<group>";
		};
		8CB17F201A5F11E900FD34CB /* LaunchScreen.xib */ = {
			isa = PBXVariantGroup;
			children = (
				8CB17F211A5F11E900FD34CB /* Base */,
			);
			name = LaunchScreen.xib;
			sourceTree = "<group>";
		};
/* End PBXVariantGroup section */

/* Begin XCBuildConfiguration section */
		8CB17F2F1A5F11E900FD34CB /* Debug */ = {
			isa = XCBuildConfiguration;
			buildSettings = {
				ALWAYS_SEARCH_USER_PATHS = NO;
				CLANG_CXX_LANGUAGE_STANDARD = "gnu++0x";
				CLANG_CXX_LIBRARY = "libc++";
				CLANG_ENABLE_MODULES = YES;
				CLANG_ENABLE_OBJC_ARC = YES;
				CLANG_WARN_BOOL_CONVERSION = YES;
				CLANG_WARN_CONSTANT_CONVERSION = YES;
				CLANG_WARN_DIRECT_OBJC_ISA_USAGE = YES_ERROR;
				CLANG_WARN_EMPTY_BODY = YES;
				CLANG_WARN_ENUM_CONVERSION = YES;
				CLANG_WARN_INT_CONVERSION = YES;
				CLANG_WARN_OBJC_ROOT_CLASS = YES_ERROR;
				CLANG_WARN_UNREACHABLE_CODE = YES;
				CLANG_WARN__DUPLICATE_METHOD_MATCH = YES;
				"CODE_SIGN_IDENTITY[sdk=iphoneos*]" = "iPhone Developer";
				COPY_PHASE_STRIP = NO;
				ENABLE_STRICT_OBJC_MSGSEND = YES;
				GCC_C_LANGUAGE_STANDARD = gnu99;
				GCC_DYNAMIC_NO_PIC = NO;
				GCC_OPTIMIZATION_LEVEL = 0;
				GCC_PREPROCESSOR_DEFINITIONS = (
					"DEBUG=1",
					"$(inherited)",
				);
				GCC_SYMBOLS_PRIVATE_EXTERN = NO;
				GCC_WARN_64_TO_32_BIT_CONVERSION = YES;
				GCC_WARN_ABOUT_RETURN_TYPE = YES_ERROR;
				GCC_WARN_UNDECLARED_SELECTOR = YES;
				GCC_WARN_UNINITIALIZED_AUTOS = YES_AGGRESSIVE;
				GCC_WARN_UNUSED_FUNCTION = YES;
				GCC_WARN_UNUSED_VARIABLE = YES;
				IPHONEOS_DEPLOYMENT_TARGET = 8.1;
				MTL_ENABLE_DEBUG_INFO = YES;
				ONLY_ACTIVE_ARCH = YES;
				SDKROOT = iphoneos;
				SWIFT_OPTIMIZATION_LEVEL = "-Onone";
			};
			name = Debug;
		};
		8CB17F301A5F11E900FD34CB /* Release */ = {
			isa = XCBuildConfiguration;
			buildSettings = {
				ALWAYS_SEARCH_USER_PATHS = NO;
				CLANG_CXX_LANGUAGE_STANDARD = "gnu++0x";
				CLANG_CXX_LIBRARY = "libc++";
				CLANG_ENABLE_MODULES = YES;
				CLANG_ENABLE_OBJC_ARC = YES;
				CLANG_WARN_BOOL_CONVERSION = YES;
				CLANG_WARN_CONSTANT_CONVERSION = YES;
				CLANG_WARN_DIRECT_OBJC_ISA_USAGE = YES_ERROR;
				CLANG_WARN_EMPTY_BODY = YES;
				CLANG_WARN_ENUM_CONVERSION = YES;
				CLANG_WARN_INT_CONVERSION = YES;
				CLANG_WARN_OBJC_ROOT_CLASS = YES_ERROR;
				CLANG_WARN_UNREACHABLE_CODE = YES;
				CLANG_WARN__DUPLICATE_METHOD_MATCH = YES;
				"CODE_SIGN_IDENTITY[sdk=iphoneos*]" = "iPhone Developer";
				COPY_PHASE_STRIP = YES;
				ENABLE_NS_ASSERTIONS = NO;
				ENABLE_STRICT_OBJC_MSGSEND = YES;
				GCC_C_LANGUAGE_STANDARD = gnu99;
				GCC_WARN_64_TO_32_BIT_CONVERSION = YES;
				GCC_WARN_ABOUT_RETURN_TYPE = YES_ERROR;
				GCC_WARN_UNDECLARED_SELECTOR = YES;
				GCC_WARN_UNINITIALIZED_AUTOS = YES_AGGRESSIVE;
				GCC_WARN_UNUSED_FUNCTION = YES;
				GCC_WARN_UNUSED_VARIABLE = YES;
				IPHONEOS_DEPLOYMENT_TARGET = 8.1;
				MTL_ENABLE_DEBUG_INFO = NO;
				SDKROOT = iphoneos;
				VALIDATE_PRODUCT = YES;
			};
			name = Release;
		};
		8CB17F321A5F11E900FD34CB /* Debug */ = {
			isa = XCBuildConfiguration;
			buildSettings = {
				ASSETCATALOG_COMPILER_APPICON_NAME = AppIcon;
				INFOPLIST_FILE = sensortag_spike/Info.plist;
				LD_RUNPATH_SEARCH_PATHS = "$(inherited) @executable_path/Frameworks";
				PRODUCT_NAME = "$(TARGET_NAME)";
			};
			name = Debug;
		};
		8CB17F331A5F11E900FD34CB /* Release */ = {
			isa = XCBuildConfiguration;
			buildSettings = {
				ASSETCATALOG_COMPILER_APPICON_NAME = AppIcon;
				INFOPLIST_FILE = sensortag_spike/Info.plist;
				LD_RUNPATH_SEARCH_PATHS = "$(inherited) @executable_path/Frameworks";
				PRODUCT_NAME = "$(TARGET_NAME)";
			};
			name = Release;
		};
		8CB17F351A5F11E900FD34CB /* Debug */ = {
			isa = XCBuildConfiguration;
			buildSettings = {
				BUNDLE_LOADER = "$(TEST_HOST)";
				FRAMEWORK_SEARCH_PATHS = (
					"$(SDKROOT)/Developer/Library/Frameworks",
					"$(inherited)",
				);
				GCC_PREPROCESSOR_DEFINITIONS = (
					"DEBUG=1",
					"$(inherited)",
				);
				INFOPLIST_FILE = sensortag_spikeTests/Info.plist;
				LD_RUNPATH_SEARCH_PATHS = "$(inherited) @executable_path/Frameworks @loader_path/Frameworks";
				PRODUCT_NAME = "$(TARGET_NAME)";
				TEST_HOST = "$(BUILT_PRODUCTS_DIR)/sensortag_spike.app/sensortag_spike";
			};
			name = Debug;
		};
		8CB17F361A5F11E900FD34CB /* Release */ = {
			isa = XCBuildConfiguration;
			buildSettings = {
				BUNDLE_LOADER = "$(TEST_HOST)";
				FRAMEWORK_SEARCH_PATHS = (
					"$(SDKROOT)/Developer/Library/Frameworks",
					"$(inherited)",
				);
				INFOPLIST_FILE = sensortag_spikeTests/Info.plist;
				LD_RUNPATH_SEARCH_PATHS = "$(inherited) @executable_path/Frameworks @loader_path/Frameworks";
				PRODUCT_NAME = "$(TARGET_NAME)";
				TEST_HOST = "$(BUILT_PRODUCTS_DIR)/sensortag_spike.app/sensortag_spike";
			};
			name = Release;
		};
/* End XCBuildConfiguration section */

/* Begin XCConfigurationList section */
		8CB17F0D1A5F11E900FD34CB /* Build configuration list for PBXProject "sensortag_spike" */ = {
			isa = XCConfigurationList;
			buildConfigurations = (
				8CB17F2F1A5F11E900FD34CB /* Debug */,
				8CB17F301A5F11E900FD34CB /* Release */,
			);
			defaultConfigurationIsVisible = 0;
			defaultConfigurationName = Release;
		};
		8CB17F311A5F11E900FD34CB /* Build configuration list for PBXNativeTarget "sensortag_spike" */ = {
			isa = XCConfigurationList;
			buildConfigurations = (
				8CB17F321A5F11E900FD34CB /* Debug */,
				8CB17F331A5F11E900FD34CB /* Release */,
			);
			defaultConfigurationIsVisible = 0;
			defaultConfigurationName = Release;
		};
		8CB17F341A5F11E900FD34CB /* Build configuration list for PBXNativeTarget "sensortag_spikeTests" */ = {
			isa = XCConfigurationList;
			buildConfigurations = (
				8CB17F351A5F11E900FD34CB /* Debug */,
				8CB17F361A5F11E900FD34CB /* Release */,
			);
			defaultConfigurationIsVisible = 0;
			defaultConfigurationName = Release;
		};
/* End XCConfigurationList section */
	};
	rootObject = 8CB17F0A1A5F11E900FD34CB /* Project object */;
}
